// !$*UTF8*$!
{
	archiveVersion = 1;
	classes = {
	};
	objectVersion = 51;
	objects = {

/* Begin PBXBuildFile section */
		1A0C85AD27DDF0790056B8B8 /* UIImage+Extension.swift in Sources */ = {isa = PBXBuildFile; fileRef = 1A0C85AC27DDF0790056B8B8 /* UIImage+Extension.swift */; };
		1A0C85AF27DE003F0056B8B8 /* PictureStickerVC.swift in Sources */ = {isa = PBXBuildFile; fileRef = 1A0C85AE27DE003F0056B8B8 /* PictureStickerVC.swift */; };
		1A0C85B527DE02C00056B8B8 /* PictureStickerCell.swift in Sources */ = {isa = PBXBuildFile; fileRef = 1A0C85B427DE02C00056B8B8 /* PictureStickerCell.swift */; };
		1A46168D2781B0F100D2A090 /* MonthlyEmotionVC.swift in Sources */ = {isa = PBXBuildFile; fileRef = 1A46168C2781B0F100D2A090 /* MonthlyEmotionVC.swift */; };
		1A4616912787120E00D2A090 /* Moment.swift in Sources */ = {isa = PBXBuildFile; fileRef = 1A4616902787120E00D2A090 /* Moment.swift */; };
		1A461694278715C800D2A090 /* MomentTableViewCell.swift in Sources */ = {isa = PBXBuildFile; fileRef = 1A461692278715C800D2A090 /* MomentTableViewCell.swift */; };
		1A461695278715C800D2A090 /* MomentTableViewCell.xib in Resources */ = {isa = PBXBuildFile; fileRef = 1A461693278715C800D2A090 /* MomentTableViewCell.xib */; };
		1A46169927959A0000D2A090 /* SelectStatusVC.swift in Sources */ = {isa = PBXBuildFile; fileRef = 1A46169827959A0000D2A090 /* SelectStatusVC.swift */; };
		1A46169B2795A52700D2A090 /* StatusCell.swift in Sources */ = {isa = PBXBuildFile; fileRef = 1A46169A2795A52700D2A090 /* StatusCell.swift */; };
		1A46169D27971CD800D2A090 /* ViewMoment.swift in Sources */ = {isa = PBXBuildFile; fileRef = 1A46169C27971CD700D2A090 /* ViewMoment.swift */; };
		1A46169F279B04A000D2A090 /* PaintViewController.swift in Sources */ = {isa = PBXBuildFile; fileRef = 1A46169E279B04A000D2A090 /* PaintViewController.swift */; };
		1A4616A527A51C8D00D2A090 /* PaintListViewController.swift in Sources */ = {isa = PBXBuildFile; fileRef = 1A4616A427A51C8D00D2A090 /* PaintListViewController.swift */; };
		1A4616A727AC13C500D2A090 /* PaintPageViewController.swift in Sources */ = {isa = PBXBuildFile; fileRef = 1A4616A627AC13C500D2A090 /* PaintPageViewController.swift */; };
		1A4616A927AE5C6300D2A090 /* PaintEmotionCollectionViewCell.swift in Sources */ = {isa = PBXBuildFile; fileRef = 1A4616A827AE5C6300D2A090 /* PaintEmotionCollectionViewCell.swift */; };
		1A4616AB27AE8E7800D2A090 /* ColorChipVC.swift in Sources */ = {isa = PBXBuildFile; fileRef = 1A4616AA27AE8E7800D2A090 /* ColorChipVC.swift */; };
		1A4616AD27AE909100D2A090 /* ColorChipCell.swift in Sources */ = {isa = PBXBuildFile; fileRef = 1A4616AC27AE909100D2A090 /* ColorChipCell.swift */; };
		1A4616B227AFCA0A00D2A090 /* UIColor+Extension.swift in Sources */ = {isa = PBXBuildFile; fileRef = 1A4616B127AFCA0A00D2A090 /* UIColor+Extension.swift */; };
		1A4616B427B8EDEF00D2A090 /* ShapeStickerCell.swift in Sources */ = {isa = PBXBuildFile; fileRef = 1A4616B327B8EDEF00D2A090 /* ShapeStickerCell.swift */; };
		1A4616B627C0E78D00D2A090 /* ShapeStickerVC.swift in Sources */ = {isa = PBXBuildFile; fileRef = 1A4616B527C0E78D00D2A090 /* ShapeStickerVC.swift */; };
		1A4616B827C12FBA00D2A090 /* TextStickerVC.swift in Sources */ = {isa = PBXBuildFile; fileRef = 1A4616B727C12FBA00D2A090 /* TextStickerVC.swift */; };
		1A8BC73D27DE2EF200068851 /* DayChipCell.swift in Sources */ = {isa = PBXBuildFile; fileRef = 1A8BC73C27DE2EF200068851 /* DayChipCell.swift */; };
		1A8D9B62273AAA7400A1BA53 /* AppDelegate.swift in Sources */ = {isa = PBXBuildFile; fileRef = 1A8D9B61273AAA7400A1BA53 /* AppDelegate.swift */; };
		1A8D9B64273AAA7400A1BA53 /* SceneDelegate.swift in Sources */ = {isa = PBXBuildFile; fileRef = 1A8D9B63273AAA7400A1BA53 /* SceneDelegate.swift */; };
		1A8D9B66273AAA7400A1BA53 /* ViewController.swift in Sources */ = {isa = PBXBuildFile; fileRef = 1A8D9B65273AAA7400A1BA53 /* ViewController.swift */; };
		1A8D9B69273AAA7400A1BA53 /* Main.storyboard in Resources */ = {isa = PBXBuildFile; fileRef = 1A8D9B67273AAA7400A1BA53 /* Main.storyboard */; };
		1A8D9B6B273AAA7500A1BA53 /* Assets.xcassets in Resources */ = {isa = PBXBuildFile; fileRef = 1A8D9B6A273AAA7500A1BA53 /* Assets.xcassets */; };
		1A8D9B6E273AAA7500A1BA53 /* LaunchScreen.storyboard in Resources */ = {isa = PBXBuildFile; fileRef = 1A8D9B6C273AAA7500A1BA53 /* LaunchScreen.storyboard */; };
		1AAA1BF727F748390054CB5F /* ClippingPictureStickerVC.swift in Sources */ = {isa = PBXBuildFile; fileRef = 1AAA1BF627F748390054CB5F /* ClippingPictureStickerVC.swift */; };
		1AAA1BFB27F811A20054CB5F /* MonthlyViewModel.swift in Sources */ = {isa = PBXBuildFile; fileRef = 1AAA1BF927F811A20054CB5F /* MonthlyViewModel.swift */; };
		1AAA1BFE27F89E630054CB5F /* MonthlyEmotionViewModel.swift in Sources */ = {isa = PBXBuildFile; fileRef = 1AAA1BFD27F89E630054CB5F /* MonthlyEmotionViewModel.swift */; };
		1AAA1C02281841180054CB5F /* InitVC.swift in Sources */ = {isa = PBXBuildFile; fileRef = 1AAA1C01281841180054CB5F /* InitVC.swift */; };
		1ACFA3062740F7E400821337 /* GoogleService-Info.plist in Resources */ = {isa = PBXBuildFile; fileRef = 1ACFA3052740F7E400821337 /* GoogleService-Info.plist */; };
		1ACFA30827410ED600821337 /* MonthlyVC.swift in Sources */ = {isa = PBXBuildFile; fileRef = 1ACFA30727410ED600821337 /* MonthlyVC.swift */; };
		1AD64EB827CE0F0100E07EF5 /* Sticker.swift in Sources */ = {isa = PBXBuildFile; fileRef = 1AD64EB727CE0F0100E07EF5 /* Sticker.swift */; };
		1AD64EBA27CE528D00E07EF5 /* UICollectionView+Extension.swift in Sources */ = {isa = PBXBuildFile; fileRef = 1AD64EB927CE528D00E07EF5 /* UICollectionView+Extension.swift */; };
		1AD64EBC27D510E100E07EF5 /* AlertViewController.swift in Sources */ = {isa = PBXBuildFile; fileRef = 1AD64EBB27D510E100E07EF5 /* AlertViewController.swift */; };
		1AD64EBE27D8E80D00E07EF5 /* Alert.swift in Sources */ = {isa = PBXBuildFile; fileRef = 1AD64EBD27D8E80D00E07EF5 /* Alert.swift */; };
		1AD64EC027D8E87F00E07EF5 /* AlertViewModel.swift in Sources */ = {isa = PBXBuildFile; fileRef = 1AD64EBF27D8E87F00E07EF5 /* AlertViewModel.swift */; };
		1AE216F127C27A1B002E945E /* emotionCell.swift in Sources */ = {isa = PBXBuildFile; fileRef = 1AE216F027C27A1B002E945E /* emotionCell.swift */; };
		1AE216F327C27B6E002E945E /* SelectEmotionsVC.swift in Sources */ = {isa = PBXBuildFile; fileRef = 1AE216F227C27B6E002E945E /* SelectEmotionsVC.swift */; };
		1AE216F627CA0AD6002E945E /* UIView+Extension.swift in Sources */ = {isa = PBXBuildFile; fileRef = 1AE216F527CA0AD6002E945E /* UIView+Extension.swift */; };
		1AE216F827CA8440002E945E /* StickerEdgeView.swift in Sources */ = {isa = PBXBuildFile; fileRef = 1AE216F727CA8440002E945E /* StickerEdgeView.swift */; };
		1AE216FA27CA8456002E945E /* StickerEdgeView.xib in Resources */ = {isa = PBXBuildFile; fileRef = 1AE216F927CA8456002E945E /* StickerEdgeView.xib */; };
		40723D8C2CCFBBF8A1456761 /* Pods_MyLittleUniverse.framework in Frameworks */ = {isa = PBXBuildFile; fileRef = 1F4EFFE17AD84DD3D0F6EFDC /* Pods_MyLittleUniverse.framework */; };
/* End PBXBuildFile section */

/* Begin PBXFileReference section */
		0A6F0C37FEE78B171AB619AE /* Pods-MyLittleUniverse.release.xcconfig */ = {isa = PBXFileReference; includeInIndex = 1; lastKnownFileType = text.xcconfig; name = "Pods-MyLittleUniverse.release.xcconfig"; path = "Target Support Files/Pods-MyLittleUniverse/Pods-MyLittleUniverse.release.xcconfig"; sourceTree = "<group>"; };
		1A0C85AC27DDF0790056B8B8 /* UIImage+Extension.swift */ = {isa = PBXFileReference; lastKnownFileType = sourcecode.swift; path = "UIImage+Extension.swift"; sourceTree = "<group>"; };
		1A0C85AE27DE003F0056B8B8 /* PictureStickerVC.swift */ = {isa = PBXFileReference; lastKnownFileType = sourcecode.swift; path = PictureStickerVC.swift; sourceTree = "<group>"; };
		1A0C85B427DE02C00056B8B8 /* PictureStickerCell.swift */ = {isa = PBXFileReference; lastKnownFileType = sourcecode.swift; path = PictureStickerCell.swift; sourceTree = "<group>"; };
		1A46168C2781B0F100D2A090 /* MonthlyEmotionVC.swift */ = {isa = PBXFileReference; lastKnownFileType = sourcecode.swift; path = MonthlyEmotionVC.swift; sourceTree = "<group>"; };
		1A4616902787120E00D2A090 /* Moment.swift */ = {isa = PBXFileReference; lastKnownFileType = sourcecode.swift; path = Moment.swift; sourceTree = "<group>"; };
		1A461692278715C800D2A090 /* MomentTableViewCell.swift */ = {isa = PBXFileReference; lastKnownFileType = sourcecode.swift; path = MomentTableViewCell.swift; sourceTree = "<group>"; };
		1A461693278715C800D2A090 /* MomentTableViewCell.xib */ = {isa = PBXFileReference; lastKnownFileType = file.xib; path = MomentTableViewCell.xib; sourceTree = "<group>"; };
		1A46169827959A0000D2A090 /* SelectStatusVC.swift */ = {isa = PBXFileReference; lastKnownFileType = sourcecode.swift; path = SelectStatusVC.swift; sourceTree = "<group>"; };
		1A46169A2795A52700D2A090 /* StatusCell.swift */ = {isa = PBXFileReference; lastKnownFileType = sourcecode.swift; path = StatusCell.swift; sourceTree = "<group>"; };
		1A46169C27971CD700D2A090 /* ViewMoment.swift */ = {isa = PBXFileReference; lastKnownFileType = sourcecode.swift; path = ViewMoment.swift; sourceTree = "<group>"; };
		1A46169E279B04A000D2A090 /* PaintViewController.swift */ = {isa = PBXFileReference; lastKnownFileType = sourcecode.swift; path = PaintViewController.swift; sourceTree = "<group>"; };
		1A4616A427A51C8D00D2A090 /* PaintListViewController.swift */ = {isa = PBXFileReference; lastKnownFileType = sourcecode.swift; path = PaintListViewController.swift; sourceTree = "<group>"; };
		1A4616A627AC13C500D2A090 /* PaintPageViewController.swift */ = {isa = PBXFileReference; lastKnownFileType = sourcecode.swift; path = PaintPageViewController.swift; sourceTree = "<group>"; };
		1A4616A827AE5C6300D2A090 /* PaintEmotionCollectionViewCell.swift */ = {isa = PBXFileReference; lastKnownFileType = sourcecode.swift; path = PaintEmotionCollectionViewCell.swift; sourceTree = "<group>"; };
		1A4616AA27AE8E7800D2A090 /* ColorChipVC.swift */ = {isa = PBXFileReference; lastKnownFileType = sourcecode.swift; path = ColorChipVC.swift; sourceTree = "<group>"; };
		1A4616AC27AE909100D2A090 /* ColorChipCell.swift */ = {isa = PBXFileReference; lastKnownFileType = sourcecode.swift; path = ColorChipCell.swift; sourceTree = "<group>"; };
		1A4616B127AFCA0A00D2A090 /* UIColor+Extension.swift */ = {isa = PBXFileReference; lastKnownFileType = sourcecode.swift; path = "UIColor+Extension.swift"; sourceTree = "<group>"; };
		1A4616B327B8EDEF00D2A090 /* ShapeStickerCell.swift */ = {isa = PBXFileReference; lastKnownFileType = sourcecode.swift; path = ShapeStickerCell.swift; sourceTree = "<group>"; };
		1A4616B527C0E78D00D2A090 /* ShapeStickerVC.swift */ = {isa = PBXFileReference; lastKnownFileType = sourcecode.swift; path = ShapeStickerVC.swift; sourceTree = "<group>"; };
		1A4616B727C12FBA00D2A090 /* TextStickerVC.swift */ = {isa = PBXFileReference; fileEncoding = 4; lastKnownFileType = sourcecode.swift; path = TextStickerVC.swift; sourceTree = "<group>"; };
		1A8BC73C27DE2EF200068851 /* DayChipCell.swift */ = {isa = PBXFileReference; lastKnownFileType = sourcecode.swift; path = DayChipCell.swift; sourceTree = "<group>"; };
		1A8D9B5E273AAA7400A1BA53 /* MyLittleUniverse.app */ = {isa = PBXFileReference; explicitFileType = wrapper.application; includeInIndex = 0; path = MyLittleUniverse.app; sourceTree = BUILT_PRODUCTS_DIR; };
		1A8D9B61273AAA7400A1BA53 /* AppDelegate.swift */ = {isa = PBXFileReference; lastKnownFileType = sourcecode.swift; path = AppDelegate.swift; sourceTree = "<group>"; };
		1A8D9B63273AAA7400A1BA53 /* SceneDelegate.swift */ = {isa = PBXFileReference; lastKnownFileType = sourcecode.swift; path = SceneDelegate.swift; sourceTree = "<group>"; };
		1A8D9B65273AAA7400A1BA53 /* ViewController.swift */ = {isa = PBXFileReference; lastKnownFileType = sourcecode.swift; path = ViewController.swift; sourceTree = "<group>"; };
		1A8D9B68273AAA7400A1BA53 /* Base */ = {isa = PBXFileReference; lastKnownFileType = file.storyboard; name = Base; path = Base.lproj/Main.storyboard; sourceTree = "<group>"; };
		1A8D9B6A273AAA7500A1BA53 /* Assets.xcassets */ = {isa = PBXFileReference; lastKnownFileType = folder.assetcatalog; path = Assets.xcassets; sourceTree = "<group>"; };
		1A8D9B6D273AAA7500A1BA53 /* Base */ = {isa = PBXFileReference; lastKnownFileType = file.storyboard; name = Base; path = Base.lproj/LaunchScreen.storyboard; sourceTree = "<group>"; };
		1A8D9B6F273AAA7500A1BA53 /* Info.plist */ = {isa = PBXFileReference; lastKnownFileType = text.plist.xml; path = Info.plist; sourceTree = "<group>"; };
		1AAA1BF627F748390054CB5F /* ClippingPictureStickerVC.swift */ = {isa = PBXFileReference; lastKnownFileType = sourcecode.swift; path = ClippingPictureStickerVC.swift; sourceTree = "<group>"; };
		1AAA1BF927F811A20054CB5F /* MonthlyViewModel.swift */ = {isa = PBXFileReference; fileEncoding = 4; lastKnownFileType = sourcecode.swift; path = MonthlyViewModel.swift; sourceTree = "<group>"; };
		1AAA1BFD27F89E630054CB5F /* MonthlyEmotionViewModel.swift */ = {isa = PBXFileReference; lastKnownFileType = sourcecode.swift; path = MonthlyEmotionViewModel.swift; sourceTree = "<group>"; };
		1AAA1C01281841180054CB5F /* InitVC.swift */ = {isa = PBXFileReference; lastKnownFileType = sourcecode.swift; path = InitVC.swift; sourceTree = "<group>"; };
		1ACFA3052740F7E400821337 /* GoogleService-Info.plist */ = {isa = PBXFileReference; fileEncoding = 4; lastKnownFileType = text.plist.xml; path = "GoogleService-Info.plist"; sourceTree = "<group>"; };
		1ACFA30727410ED600821337 /* MonthlyVC.swift */ = {isa = PBXFileReference; lastKnownFileType = sourcecode.swift; path = MonthlyVC.swift; sourceTree = "<group>"; };
		1AD64EB727CE0F0100E07EF5 /* Sticker.swift */ = {isa = PBXFileReference; lastKnownFileType = sourcecode.swift; path = Sticker.swift; sourceTree = "<group>"; };
		1AD64EB927CE528D00E07EF5 /* UICollectionView+Extension.swift */ = {isa = PBXFileReference; lastKnownFileType = sourcecode.swift; path = "UICollectionView+Extension.swift"; sourceTree = "<group>"; };
		1AD64EBB27D510E100E07EF5 /* AlertViewController.swift */ = {isa = PBXFileReference; lastKnownFileType = sourcecode.swift; path = AlertViewController.swift; sourceTree = "<group>"; };
		1AD64EBD27D8E80D00E07EF5 /* Alert.swift */ = {isa = PBXFileReference; lastKnownFileType = sourcecode.swift; path = Alert.swift; sourceTree = "<group>"; };
		1AD64EBF27D8E87F00E07EF5 /* AlertViewModel.swift */ = {isa = PBXFileReference; lastKnownFileType = sourcecode.swift; path = AlertViewModel.swift; sourceTree = "<group>"; };
		1AE216F027C27A1B002E945E /* emotionCell.swift */ = {isa = PBXFileReference; lastKnownFileType = sourcecode.swift; path = emotionCell.swift; sourceTree = "<group>"; };
		1AE216F227C27B6E002E945E /* SelectEmotionsVC.swift */ = {isa = PBXFileReference; lastKnownFileType = sourcecode.swift; path = SelectEmotionsVC.swift; sourceTree = "<group>"; };
		1AE216F527CA0AD6002E945E /* UIView+Extension.swift */ = {isa = PBXFileReference; lastKnownFileType = sourcecode.swift; path = "UIView+Extension.swift"; sourceTree = "<group>"; };
		1AE216F727CA8440002E945E /* StickerEdgeView.swift */ = {isa = PBXFileReference; lastKnownFileType = sourcecode.swift; path = StickerEdgeView.swift; sourceTree = "<group>"; };
		1AE216F927CA8456002E945E /* StickerEdgeView.xib */ = {isa = PBXFileReference; lastKnownFileType = file.xib; path = StickerEdgeView.xib; sourceTree = "<group>"; };
		1F4EFFE17AD84DD3D0F6EFDC /* Pods_MyLittleUniverse.framework */ = {isa = PBXFileReference; explicitFileType = wrapper.framework; includeInIndex = 0; path = Pods_MyLittleUniverse.framework; sourceTree = BUILT_PRODUCTS_DIR; };
		EF768548D43ADD10F60DC76E /* Pods-MyLittleUniverse.debug.xcconfig */ = {isa = PBXFileReference; includeInIndex = 1; lastKnownFileType = text.xcconfig; name = "Pods-MyLittleUniverse.debug.xcconfig"; path = "Target Support Files/Pods-MyLittleUniverse/Pods-MyLittleUniverse.debug.xcconfig"; sourceTree = "<group>"; };
/* End PBXFileReference section */

/* Begin PBXFrameworksBuildPhase section */
		1A8D9B5B273AAA7400A1BA53 /* Frameworks */ = {
			isa = PBXFrameworksBuildPhase;
			buildActionMask = 2147483647;
			files = (
				40723D8C2CCFBBF8A1456761 /* Pods_MyLittleUniverse.framework in Frameworks */,
			);
			runOnlyForDeploymentPostprocessing = 0;
		};
/* End PBXFrameworksBuildPhase section */

/* Begin PBXGroup section */
		1A0C85B027DE012A0056B8B8 /* ColorChip */ = {
			isa = PBXGroup;
			children = (
				1A4616AA27AE8E7800D2A090 /* ColorChipVC.swift */,
				1A4616AC27AE909100D2A090 /* ColorChipCell.swift */,
			);
			path = ColorChip;
			sourceTree = "<group>";
		};
		1A0C85B127DE013E0056B8B8 /* Picture */ = {
			isa = PBXGroup;
			children = (
				1A0C85AE27DE003F0056B8B8 /* PictureStickerVC.swift */,
				1A0C85B427DE02C00056B8B8 /* PictureStickerCell.swift */,
				1AAA1BF627F748390054CB5F /* ClippingPictureStickerVC.swift */,
			);
			path = Picture;
			sourceTree = "<group>";
		};
		1A0C85B227DE01530056B8B8 /* Shape */ = {
			isa = PBXGroup;
			children = (
				1A4616B527C0E78D00D2A090 /* ShapeStickerVC.swift */,
				1A4616B327B8EDEF00D2A090 /* ShapeStickerCell.swift */,
			);
			path = Shape;
			sourceTree = "<group>";
		};
		1A0C85B327DE015D0056B8B8 /* Text */ = {
			isa = PBXGroup;
			children = (
				1A4616B727C12FBA00D2A090 /* TextStickerVC.swift */,
			);
			path = Text;
			sourceTree = "<group>";
		};
		1A46168E2787118F00D2A090 /* Models */ = {
			isa = PBXGroup;
			children = (
				1A4616902787120E00D2A090 /* Moment.swift */,
				1AD64EB727CE0F0100E07EF5 /* Sticker.swift */,
				1AD64EBD27D8E80D00E07EF5 /* Alert.swift */,
			);
			path = Models;
			sourceTree = "<group>";
		};
		1A46168F2787119600D2A090 /* ViewModels */ = {
			isa = PBXGroup;
			children = (
				1AAA1BF927F811A20054CB5F /* MonthlyViewModel.swift */,
				1AAA1BFD27F89E630054CB5F /* MonthlyEmotionViewModel.swift */,
				1A46169C27971CD700D2A090 /* ViewMoment.swift */,
				1AD64EBF27D8E87F00E07EF5 /* AlertViewModel.swift */,
			);
			path = ViewModels;
			sourceTree = "<group>";
		};
		1A4616A127A5195A00D2A090 /* Paint */ = {
			isa = PBXGroup;
			children = (
				1A4616B927C12FC700D2A090 /* Components */,
				1A4616A427A51C8D00D2A090 /* PaintListViewController.swift */,
				1A4616A627AC13C500D2A090 /* PaintPageViewController.swift */,
				1A4616A827AE5C6300D2A090 /* PaintEmotionCollectionViewCell.swift */,
				1A46169E279B04A000D2A090 /* PaintViewController.swift */,
			);
			path = Paint;
			sourceTree = "<group>";
		};
		1A4616B027AFC9EE00D2A090 /* Extensions */ = {
			isa = PBXGroup;
			children = (
				1A4616B127AFCA0A00D2A090 /* UIColor+Extension.swift */,
				1AE216F527CA0AD6002E945E /* UIView+Extension.swift */,
				1AD64EB927CE528D00E07EF5 /* UICollectionView+Extension.swift */,
				1A0C85AC27DDF0790056B8B8 /* UIImage+Extension.swift */,
			);
			path = Extensions;
			sourceTree = "<group>";
		};
		1A4616B927C12FC700D2A090 /* Components */ = {
			isa = PBXGroup;
			children = (
				1AE216F727CA8440002E945E /* StickerEdgeView.swift */,
				1A0C85B027DE012A0056B8B8 /* ColorChip */,
				1A0C85B127DE013E0056B8B8 /* Picture */,
				1A0C85B227DE01530056B8B8 /* Shape */,
				1A0C85B327DE015D0056B8B8 /* Text */,
			);
			path = Components;
			sourceTree = "<group>";
		};
		1A8BC73B27DE2ED200068851 /* Home */ = {
			isa = PBXGroup;
			children = (
				1ACFA30727410ED600821337 /* MonthlyVC.swift */,
				1A8BC73C27DE2EF200068851 /* DayChipCell.swift */,
			);
			path = Home;
			sourceTree = "<group>";
		};
		1A8D9B55273AAA7400A1BA53 = {
			isa = PBXGroup;
			children = (
				1A8D9B60273AAA7400A1BA53 /* MyLittleUniverse */,
				1A8D9B5F273AAA7400A1BA53 /* Products */,
				AD9EF0A3AF173DF3203F2F47 /* Frameworks */,
				C63DD2F913075CBAA5106B14 /* Pods */,
			);
			sourceTree = "<group>";
		};
		1A8D9B5F273AAA7400A1BA53 /* Products */ = {
			isa = PBXGroup;
			children = (
				1A8D9B5E273AAA7400A1BA53 /* MyLittleUniverse.app */,
			);
			name = Products;
			sourceTree = "<group>";
		};
		1A8D9B60273AAA7400A1BA53 /* MyLittleUniverse */ = {
			isa = PBXGroup;
			children = (
				1A46168E2787118F00D2A090 /* Models */,
				1A46168F2787119600D2A090 /* ViewModels */,
				1ACFA2FF2740F17B00821337 /* ViewControllers */,
				1A4616B027AFC9EE00D2A090 /* Extensions */,
				1ACFA3042740F3E200821337 /* Resources */,
				1A8D9B61273AAA7400A1BA53 /* AppDelegate.swift */,
				1A8D9B63273AAA7400A1BA53 /* SceneDelegate.swift */,
				1ACFA3052740F7E400821337 /* GoogleService-Info.plist */,
				1A8D9B6F273AAA7500A1BA53 /* Info.plist */,
			);
			path = MyLittleUniverse;
			sourceTree = "<group>";
		};
		1AAA1BFC27F8935B0054CB5F /* Detail */ = {
			isa = PBXGroup;
			children = (
				1A46168C2781B0F100D2A090 /* MonthlyEmotionVC.swift */,
				1A461692278715C800D2A090 /* MomentTableViewCell.swift */,
			);
			path = Detail;
			sourceTree = "<group>";
		};
		1ACFA2FF2740F17B00821337 /* ViewControllers */ = {
			isa = PBXGroup;
			children = (
				1AAA1C01281841180054CB5F /* InitVC.swift */,
				1A8BC73B27DE2ED200068851 /* Home */,
				1AAA1BFC27F8935B0054CB5F /* Detail */,
				1AE216F427C27C27002E945E /* Register */,
				1A4616A127A5195A00D2A090 /* Paint */,
				1A8D9B65273AAA7400A1BA53 /* ViewController.swift */,
				1AD64EBB27D510E100E07EF5 /* AlertViewController.swift */,
			);
			path = ViewControllers;
			sourceTree = "<group>";
		};
		1ACFA3042740F3E200821337 /* Resources */ = {
			isa = PBXGroup;
			children = (
				1A8D9B67273AAA7400A1BA53 /* Main.storyboard */,
				1A8D9B6A273AAA7500A1BA53 /* Assets.xcassets */,
				1A8D9B6C273AAA7500A1BA53 /* LaunchScreen.storyboard */,
				1A461693278715C800D2A090 /* MomentTableViewCell.xib */,
				1AE216F927CA8456002E945E /* StickerEdgeView.xib */,
			);
			path = Resources;
			sourceTree = "<group>";
		};
		1AE216F427C27C27002E945E /* Register */ = {
			isa = PBXGroup;
			children = (
				1A46169827959A0000D2A090 /* SelectStatusVC.swift */,
				1A46169A2795A52700D2A090 /* StatusCell.swift */,
				1AE216F227C27B6E002E945E /* SelectEmotionsVC.swift */,
				1AE216F027C27A1B002E945E /* emotionCell.swift */,
			);
			path = Register;
			sourceTree = "<group>";
		};
		AD9EF0A3AF173DF3203F2F47 /* Frameworks */ = {
			isa = PBXGroup;
			children = (
				1F4EFFE17AD84DD3D0F6EFDC /* Pods_MyLittleUniverse.framework */,
			);
			name = Frameworks;
			sourceTree = "<group>";
		};
		C63DD2F913075CBAA5106B14 /* Pods */ = {
			isa = PBXGroup;
			children = (
				EF768548D43ADD10F60DC76E /* Pods-MyLittleUniverse.debug.xcconfig */,
				0A6F0C37FEE78B171AB619AE /* Pods-MyLittleUniverse.release.xcconfig */,
			);
			path = Pods;
			sourceTree = "<group>";
		};
/* End PBXGroup section */

/* Begin PBXNativeTarget section */
		1A8D9B5D273AAA7400A1BA53 /* MyLittleUniverse */ = {
			isa = PBXNativeTarget;
			buildConfigurationList = 1A8D9B72273AAA7500A1BA53 /* Build configuration list for PBXNativeTarget "MyLittleUniverse" */;
			buildPhases = (
				C35AC124B88A975B0A9DB724 /* [CP] Check Pods Manifest.lock */,
				1A8D9B5A273AAA7400A1BA53 /* Sources */,
				1A8D9B5B273AAA7400A1BA53 /* Frameworks */,
				1A8D9B5C273AAA7400A1BA53 /* Resources */,
				C4E55FC0AE6328068E10BB10 /* [CP] Embed Pods Frameworks */,
			);
			buildRules = (
			);
			dependencies = (
			);
			name = MyLittleUniverse;
			productName = MyLittleUniverse;
			productReference = 1A8D9B5E273AAA7400A1BA53 /* MyLittleUniverse.app */;
			productType = "com.apple.product-type.application";
		};
/* End PBXNativeTarget section */

/* Begin PBXProject section */
		1A8D9B56273AAA7400A1BA53 /* Project object */ = {
			isa = PBXProject;
			attributes = {
				LastSwiftUpdateCheck = 1250;
				LastUpgradeCheck = 1250;
				TargetAttributes = {
					1A8D9B5D273AAA7400A1BA53 = {
						CreatedOnToolsVersion = 12.5.1;
					};
				};
			};
			buildConfigurationList = 1A8D9B59273AAA7400A1BA53 /* Build configuration list for PBXProject "MyLittleUniverse" */;
			compatibilityVersion = "Xcode 9.3";
			developmentRegion = en;
			hasScannedForEncodings = 0;
			knownRegions = (
				en,
				Base,
			);
			mainGroup = 1A8D9B55273AAA7400A1BA53;
			productRefGroup = 1A8D9B5F273AAA7400A1BA53 /* Products */;
			projectDirPath = "";
			projectRoot = "";
			targets = (
				1A8D9B5D273AAA7400A1BA53 /* MyLittleUniverse */,
			);
		};
/* End PBXProject section */

/* Begin PBXResourcesBuildPhase section */
		1A8D9B5C273AAA7400A1BA53 /* Resources */ = {
			isa = PBXResourcesBuildPhase;
			buildActionMask = 2147483647;
			files = (
				1A8D9B6E273AAA7500A1BA53 /* LaunchScreen.storyboard in Resources */,
				1AE216FA27CA8456002E945E /* StickerEdgeView.xib in Resources */,
				1ACFA3062740F7E400821337 /* GoogleService-Info.plist in Resources */,
				1A461695278715C800D2A090 /* MomentTableViewCell.xib in Resources */,
				1A8D9B6B273AAA7500A1BA53 /* Assets.xcassets in Resources */,
				1A8D9B69273AAA7400A1BA53 /* Main.storyboard in Resources */,
			);
			runOnlyForDeploymentPostprocessing = 0;
		};
/* End PBXResourcesBuildPhase section */

/* Begin PBXShellScriptBuildPhase section */
		C35AC124B88A975B0A9DB724 /* [CP] Check Pods Manifest.lock */ = {
			isa = PBXShellScriptBuildPhase;
			buildActionMask = 2147483647;
			files = (
			);
			inputFileListPaths = (
			);
			inputPaths = (
				"${PODS_PODFILE_DIR_PATH}/Podfile.lock",
				"${PODS_ROOT}/Manifest.lock",
			);
			name = "[CP] Check Pods Manifest.lock";
			outputFileListPaths = (
			);
			outputPaths = (
				"$(DERIVED_FILE_DIR)/Pods-MyLittleUniverse-checkManifestLockResult.txt",
			);
			runOnlyForDeploymentPostprocessing = 0;
			shellPath = /bin/sh;
			shellScript = "diff \"${PODS_PODFILE_DIR_PATH}/Podfile.lock\" \"${PODS_ROOT}/Manifest.lock\" > /dev/null\nif [ $? != 0 ] ; then\n    # print error to STDERR\n    echo \"error: The sandbox is not in sync with the Podfile.lock. Run 'pod install' or update your CocoaPods installation.\" >&2\n    exit 1\nfi\n# This output is used by Xcode 'outputs' to avoid re-running this script phase.\necho \"SUCCESS\" > \"${SCRIPT_OUTPUT_FILE_0}\"\n";
			showEnvVarsInLog = 0;
		};
		C4E55FC0AE6328068E10BB10 /* [CP] Embed Pods Frameworks */ = {
			isa = PBXShellScriptBuildPhase;
			buildActionMask = 2147483647;
			files = (
			);
			inputFileListPaths = (
				"${PODS_ROOT}/Target Support Files/Pods-MyLittleUniverse/Pods-MyLittleUniverse-frameworks-${CONFIGURATION}-input-files.xcfilelist",
			);
			name = "[CP] Embed Pods Frameworks";
			outputFileListPaths = (
				"${PODS_ROOT}/Target Support Files/Pods-MyLittleUniverse/Pods-MyLittleUniverse-frameworks-${CONFIGURATION}-output-files.xcfilelist",
			);
			runOnlyForDeploymentPostprocessing = 0;
			shellPath = /bin/sh;
			shellScript = "\"${PODS_ROOT}/Target Support Files/Pods-MyLittleUniverse/Pods-MyLittleUniverse-frameworks.sh\"\n";
			showEnvVarsInLog = 0;
		};
/* End PBXShellScriptBuildPhase section */

/* Begin PBXSourcesBuildPhase section */
		1A8D9B5A273AAA7400A1BA53 /* Sources */ = {
			isa = PBXSourcesBuildPhase;
			buildActionMask = 2147483647;
			files = (
				1AAA1BFB27F811A20054CB5F /* MonthlyViewModel.swift in Sources */,
				1A8D9B66273AAA7400A1BA53 /* ViewController.swift in Sources */,
				1A4616B227AFCA0A00D2A090 /* UIColor+Extension.swift in Sources */,
				1A8D9B62273AAA7400A1BA53 /* AppDelegate.swift in Sources */,
				1AD64EC027D8E87F00E07EF5 /* AlertViewModel.swift in Sources */,
				1A46169927959A0000D2A090 /* SelectStatusVC.swift in Sources */,
				1A461694278715C800D2A090 /* MomentTableViewCell.swift in Sources */,
				1AD64EB827CE0F0100E07EF5 /* Sticker.swift in Sources */,
				1A46169B2795A52700D2A090 /* StatusCell.swift in Sources */,
				1A8BC73D27DE2EF200068851 /* DayChipCell.swift in Sources */,
				1AAA1BFE27F89E630054CB5F /* MonthlyEmotionViewModel.swift in Sources */,
				1A46168D2781B0F100D2A090 /* MonthlyEmotionVC.swift in Sources */,
				1A4616A927AE5C6300D2A090 /* PaintEmotionCollectionViewCell.swift in Sources */,
				1A4616AB27AE8E7800D2A090 /* ColorChipVC.swift in Sources */,
				1A4616A727AC13C500D2A090 /* PaintPageViewController.swift in Sources */,
				1A4616B827C12FBA00D2A090 /* TextStickerVC.swift in Sources */,
				1AAA1BF727F748390054CB5F /* ClippingPictureStickerVC.swift in Sources */,
				1A0C85AF27DE003F0056B8B8 /* PictureStickerVC.swift in Sources */,
				1A4616B627C0E78D00D2A090 /* ShapeStickerVC.swift in Sources */,
				1A4616A527A51C8D00D2A090 /* PaintListViewController.swift in Sources */,
				1AD64EBC27D510E100E07EF5 /* AlertViewController.swift in Sources */,
				1A46169F279B04A000D2A090 /* PaintViewController.swift in Sources */,
				1A4616AD27AE909100D2A090 /* ColorChipCell.swift in Sources */,
				1AAA1C02281841180054CB5F /* InitVC.swift in Sources */,
				1A8D9B64273AAA7400A1BA53 /* SceneDelegate.swift in Sources */,
				1AD64EBA27CE528D00E07EF5 /* UICollectionView+Extension.swift in Sources */,
				1AE216F827CA8440002E945E /* StickerEdgeView.swift in Sources */,
				1A4616B427B8EDEF00D2A090 /* ShapeStickerCell.swift in Sources */,
				1A0C85AD27DDF0790056B8B8 /* UIImage+Extension.swift in Sources */,
				1AE216F627CA0AD6002E945E /* UIView+Extension.swift in Sources */,
				1AD64EBE27D8E80D00E07EF5 /* Alert.swift in Sources */,
				1AE216F327C27B6E002E945E /* SelectEmotionsVC.swift in Sources */,
				1A0C85B527DE02C00056B8B8 /* PictureStickerCell.swift in Sources */,
				1ACFA30827410ED600821337 /* MonthlyVC.swift in Sources */,
				1A46169D27971CD800D2A090 /* ViewMoment.swift in Sources */,
				1A4616912787120E00D2A090 /* Moment.swift in Sources */,
				1AE216F127C27A1B002E945E /* emotionCell.swift in Sources */,
			);
			runOnlyForDeploymentPostprocessing = 0;
		};
/* End PBXSourcesBuildPhase section */

/* Begin PBXVariantGroup section */
		1A8D9B67273AAA7400A1BA53 /* Main.storyboard */ = {
			isa = PBXVariantGroup;
			children = (
				1A8D9B68273AAA7400A1BA53 /* Base */,
			);
			name = Main.storyboard;
			sourceTree = "<group>";
		};
		1A8D9B6C273AAA7500A1BA53 /* LaunchScreen.storyboard */ = {
			isa = PBXVariantGroup;
			children = (
				1A8D9B6D273AAA7500A1BA53 /* Base */,
			);
			name = LaunchScreen.storyboard;
			sourceTree = "<group>";
		};
/* End PBXVariantGroup section */

/* Begin XCBuildConfiguration section */
		1A8D9B70273AAA7500A1BA53 /* Debug */ = {
			isa = XCBuildConfiguration;
			buildSettings = {
				ALWAYS_SEARCH_USER_PATHS = NO;
				CLANG_ANALYZER_NONNULL = YES;
				CLANG_ANALYZER_NUMBER_OBJECT_CONVERSION = YES_AGGRESSIVE;
				CLANG_CXX_LANGUAGE_STANDARD = "gnu++14";
				CLANG_CXX_LIBRARY = "libc++";
				CLANG_ENABLE_MODULES = YES;
				CLANG_ENABLE_OBJC_ARC = YES;
				CLANG_ENABLE_OBJC_WEAK = YES;
				CLANG_WARN_BLOCK_CAPTURE_AUTORELEASING = YES;
				CLANG_WARN_BOOL_CONVERSION = YES;
				CLANG_WARN_COMMA = YES;
				CLANG_WARN_CONSTANT_CONVERSION = YES;
				CLANG_WARN_DEPRECATED_OBJC_IMPLEMENTATIONS = YES;
				CLANG_WARN_DIRECT_OBJC_ISA_USAGE = YES_ERROR;
				CLANG_WARN_DOCUMENTATION_COMMENTS = YES;
				CLANG_WARN_EMPTY_BODY = YES;
				CLANG_WARN_ENUM_CONVERSION = YES;
				CLANG_WARN_INFINITE_RECURSION = YES;
				CLANG_WARN_INT_CONVERSION = YES;
				CLANG_WARN_NON_LITERAL_NULL_CONVERSION = YES;
				CLANG_WARN_OBJC_IMPLICIT_RETAIN_SELF = YES;
				CLANG_WARN_OBJC_LITERAL_CONVERSION = YES;
				CLANG_WARN_OBJC_ROOT_CLASS = YES_ERROR;
				CLANG_WARN_QUOTED_INCLUDE_IN_FRAMEWORK_HEADER = YES;
				CLANG_WARN_RANGE_LOOP_ANALYSIS = YES;
				CLANG_WARN_STRICT_PROTOTYPES = YES;
				CLANG_WARN_SUSPICIOUS_MOVE = YES;
				CLANG_WARN_UNGUARDED_AVAILABILITY = YES_AGGRESSIVE;
				CLANG_WARN_UNREACHABLE_CODE = YES;
				CLANG_WARN__DUPLICATE_METHOD_MATCH = YES;
				COPY_PHASE_STRIP = NO;
				DEBUG_INFORMATION_FORMAT = dwarf;
				ENABLE_STRICT_OBJC_MSGSEND = YES;
				ENABLE_TESTABILITY = YES;
				GCC_C_LANGUAGE_STANDARD = gnu11;
				GCC_DYNAMIC_NO_PIC = NO;
				GCC_NO_COMMON_BLOCKS = YES;
				GCC_OPTIMIZATION_LEVEL = 0;
				GCC_PREPROCESSOR_DEFINITIONS = (
					"DEBUG=1",
					"$(inherited)",
				);
				GCC_WARN_64_TO_32_BIT_CONVERSION = YES;
				GCC_WARN_ABOUT_RETURN_TYPE = YES_ERROR;
				GCC_WARN_UNDECLARED_SELECTOR = YES;
				GCC_WARN_UNINITIALIZED_AUTOS = YES_AGGRESSIVE;
				GCC_WARN_UNUSED_FUNCTION = YES;
				GCC_WARN_UNUSED_VARIABLE = YES;
				IPHONEOS_DEPLOYMENT_TARGET = 13.0;
				MTL_ENABLE_DEBUG_INFO = INCLUDE_SOURCE;
				MTL_FAST_MATH = YES;
				ONLY_ACTIVE_ARCH = YES;
				SDKROOT = iphoneos;
				SWIFT_ACTIVE_COMPILATION_CONDITIONS = DEBUG;
				SWIFT_OPTIMIZATION_LEVEL = "-Onone";
			};
			name = Debug;
		};
		1A8D9B71273AAA7500A1BA53 /* Release */ = {
			isa = XCBuildConfiguration;
			buildSettings = {
				ALWAYS_SEARCH_USER_PATHS = NO;
				CLANG_ANALYZER_NONNULL = YES;
				CLANG_ANALYZER_NUMBER_OBJECT_CONVERSION = YES_AGGRESSIVE;
				CLANG_CXX_LANGUAGE_STANDARD = "gnu++14";
				CLANG_CXX_LIBRARY = "libc++";
				CLANG_ENABLE_MODULES = YES;
				CLANG_ENABLE_OBJC_ARC = YES;
				CLANG_ENABLE_OBJC_WEAK = YES;
				CLANG_WARN_BLOCK_CAPTURE_AUTORELEASING = YES;
				CLANG_WARN_BOOL_CONVERSION = YES;
				CLANG_WARN_COMMA = YES;
				CLANG_WARN_CONSTANT_CONVERSION = YES;
				CLANG_WARN_DEPRECATED_OBJC_IMPLEMENTATIONS = YES;
				CLANG_WARN_DIRECT_OBJC_ISA_USAGE = YES_ERROR;
				CLANG_WARN_DOCUMENTATION_COMMENTS = YES;
				CLANG_WARN_EMPTY_BODY = YES;
				CLANG_WARN_ENUM_CONVERSION = YES;
				CLANG_WARN_INFINITE_RECURSION = YES;
				CLANG_WARN_INT_CONVERSION = YES;
				CLANG_WARN_NON_LITERAL_NULL_CONVERSION = YES;
				CLANG_WARN_OBJC_IMPLICIT_RETAIN_SELF = YES;
				CLANG_WARN_OBJC_LITERAL_CONVERSION = YES;
				CLANG_WARN_OBJC_ROOT_CLASS = YES_ERROR;
				CLANG_WARN_QUOTED_INCLUDE_IN_FRAMEWORK_HEADER = YES;
				CLANG_WARN_RANGE_LOOP_ANALYSIS = YES;
				CLANG_WARN_STRICT_PROTOTYPES = YES;
				CLANG_WARN_SUSPICIOUS_MOVE = YES;
				CLANG_WARN_UNGUARDED_AVAILABILITY = YES_AGGRESSIVE;
				CLANG_WARN_UNREACHABLE_CODE = YES;
				CLANG_WARN__DUPLICATE_METHOD_MATCH = YES;
				COPY_PHASE_STRIP = NO;
				DEBUG_INFORMATION_FORMAT = "dwarf-with-dsym";
				ENABLE_NS_ASSERTIONS = NO;
				ENABLE_STRICT_OBJC_MSGSEND = YES;
				GCC_C_LANGUAGE_STANDARD = gnu11;
				GCC_NO_COMMON_BLOCKS = YES;
				GCC_WARN_64_TO_32_BIT_CONVERSION = YES;
				GCC_WARN_ABOUT_RETURN_TYPE = YES_ERROR;
				GCC_WARN_UNDECLARED_SELECTOR = YES;
				GCC_WARN_UNINITIALIZED_AUTOS = YES_AGGRESSIVE;
				GCC_WARN_UNUSED_FUNCTION = YES;
				GCC_WARN_UNUSED_VARIABLE = YES;
				IPHONEOS_DEPLOYMENT_TARGET = 13.0;
				MTL_ENABLE_DEBUG_INFO = NO;
				MTL_FAST_MATH = YES;
				SDKROOT = iphoneos;
				SWIFT_COMPILATION_MODE = wholemodule;
				SWIFT_OPTIMIZATION_LEVEL = "-O";
				VALIDATE_PRODUCT = YES;
			};
			name = Release;
		};
		1A8D9B73273AAA7500A1BA53 /* Debug */ = {
			isa = XCBuildConfiguration;
			baseConfigurationReference = EF768548D43ADD10F60DC76E /* Pods-MyLittleUniverse.debug.xcconfig */;
			buildSettings = {
				ASSETCATALOG_COMPILER_APPICON_NAME = AppIcon;
				ASSETCATALOG_COMPILER_GLOBAL_ACCENT_COLOR_NAME = AccentColor;
				CODE_SIGN_ENTITLEMENTS = "";
				CODE_SIGN_STYLE = Automatic;
				DEVELOPMENT_TEAM = 8L5GQUP5L4;
				INFOPLIST_FILE = MyLittleUniverse/Info.plist;
				IPHONEOS_DEPLOYMENT_TARGET = 13.0;
				LD_RUNPATH_SEARCH_PATHS = (
					"$(inherited)",
					"@executable_path/Frameworks",
				);
				PRODUCT_BUNDLE_IDENTIFIER = com.yurim.MyLittleUniverse;
				PRODUCT_NAME = "$(TARGET_NAME)";
				SWIFT_VERSION = 5.0;
				TARGETED_DEVICE_FAMILY = "1,2";
			};
			name = Debug;
		};
		1A8D9B74273AAA7500A1BA53 /* Release */ = {
			isa = XCBuildConfiguration;
			baseConfigurationReference = 0A6F0C37FEE78B171AB619AE /* Pods-MyLittleUniverse.release.xcconfig */;
			buildSettings = {
				ASSETCATALOG_COMPILER_APPICON_NAME = AppIcon;
				ASSETCATALOG_COMPILER_GLOBAL_ACCENT_COLOR_NAME = AccentColor;
				CODE_SIGN_ENTITLEMENTS = "";
				CODE_SIGN_STYLE = Automatic;
				DEVELOPMENT_TEAM = 8L5GQUP5L4;
				INFOPLIST_FILE = MyLittleUniverse/Info.plist;
				IPHONEOS_DEPLOYMENT_TARGET = 13.0;
				LD_RUNPATH_SEARCH_PATHS = (
					"$(inherited)",
					"@executable_path/Frameworks",
				);
				PRODUCT_BUNDLE_IDENTIFIER = com.yurim.MyLittleUniverse;
				PRODUCT_NAME = "$(TARGET_NAME)";
				SWIFT_VERSION = 5.0;
				TARGETED_DEVICE_FAMILY = "1,2";
			};
			name = Release;
		};
/* End XCBuildConfiguration section */

/* Begin XCConfigurationList section */
		1A8D9B59273AAA7400A1BA53 /* Build configuration list for PBXProject "MyLittleUniverse" */ = {
			isa = XCConfigurationList;
			buildConfigurations = (
				1A8D9B70273AAA7500A1BA53 /* Debug */,
				1A8D9B71273AAA7500A1BA53 /* Release */,
			);
			defaultConfigurationIsVisible = 0;
			defaultConfigurationName = Release;
		};
		1A8D9B72273AAA7500A1BA53 /* Build configuration list for PBXNativeTarget "MyLittleUniverse" */ = {
			isa = XCConfigurationList;
			buildConfigurations = (
				1A8D9B73273AAA7500A1BA53 /* Debug */,
				1A8D9B74273AAA7500A1BA53 /* Release */,
			);
			defaultConfigurationIsVisible = 0;
			defaultConfigurationName = Release;
		};
/* End XCConfigurationList section */
	};
	rootObject = 1A8D9B56273AAA7400A1BA53 /* Project object */;
}
